{
  "name": "@iinm/plain-agent",
  "version": "1.8.0",
  "lockfileVersion": 3,
  "requires": true,
  "packages": {
    "": {
      "name": "@iinm/plain-agent",
      "version": "1.8.0",
      "license": "MIT",
      "dependencies": {
        "diff": "^8.0.4",
        "js-yaml": "^4.1.1"
      },
      "bin": {
        "plain": "bin/plain",
        "plain-notify-desktop": "bin/plain-notify-desktop",
        "plain-sandbox": "sandbox/bin/plain-sandbox"
      },
      "devDependencies": {
        "@biomejs/biome": "^2.4.12",
        "@types/js-yaml": "^4.0.9",
        "@types/node": "^22.19.17",
        "typescript": "^6.0.2"
      },
      "engines": {
        "node": ">=22"
      }
    },
    "node_modules/@biomejs/biome": {
      "version": "2.4.13",
      "resolved": "https://registry.npmjs.org/@biomejs/biome/-/biome-2.4.13.tgz",
      "integrity": "sha512-gLXOwkOBBg0tr7bDsqlkIh4uFeKuMjxvqsrb1Tukww1iDmHcfr4Uu8MoQxp0Rcte+69+osRNWXwHsu/zxT6XqA==",
      "dev": true,
      "license": "MIT OR Apache-2.0",
      "bin": {
        "biome": "bin/biome"
      },
      "engines": {
        "node": ">=14.21.3"
      },
      "funding": {
        "type": "opencollective",
        "url": "https://opencollective.com/biome"
      },
      "optionalDependencies": {
        "@biomejs/cli-darwin-arm64": "2.4.13",
        "@biomejs/cli-darwin-x64": "2.4.13",
        "@biomejs/cli-linux-arm64": "2.4.13",
        "@biomejs/cli-linux-arm64-musl": "2.4.13",
        "@biomejs/cli-linux-x64": "2.4.13",
        "@biomejs/cli-linux-x64-musl": "2.4.13",
        "@biomejs/cli-win32-arm64": "2.4.13",
        "@biomejs/cli-win32-x64": "2.4.13"
      }
    },
    "node_modules/@biomejs/cli-darwin-arm64": {
      "version": "2.4.13",
      "resolved": "https://registry.npmjs.org/@biomejs/cli-darwin-arm64/-/cli-darwin-arm64-2.4.13.tgz",
      "integrity": "sha512-2KImO1jhNFBa2oWConyr0x6flxbQpGKv6902uGXpYM62Xyem8U80j441SyUJ8KyngsmKbQjeIv1q2CQfDkNnYg==",
      "cpu": [
        "arm64"
      ],
      "dev": true,
      "license": "MIT OR Apache-2.0",
      "optional": true,
      "os": [
        "darwin"
      ],
      "engines": {
        "node": ">=14.21.3"
      }
    },
    "node_modules/@biomejs/cli-darwin-x64": {
      "version": "2.4.13",
      "resolved": "https://registry.npmjs.org/@biomejs/cli-darwin-x64/-/cli-darwin-x64-2.4.13.tgz",
      "integrity": "sha512-BKrJklbaFN4p1Ts4kPBczo+PkbsHQg57kmJ+vON9u2t6uN5okYHaSr7h/MutPCWQgg2lglaWoSmm+zhYW+oOkg==",
      "cpu": [
        "x64"
      ],
      "dev": true,
      "license": "MIT OR Apache-2.0",
      "optional": true,
      "os": [
        "darwin"
      ],
      "engines": {
        "node": ">=14.21.3"
      }
    },
    "node_modules/@biomejs/cli-linux-arm64": {
      "version": "2.4.13",
      "resolved": "https://registry.npmjs.org/@biomejs/cli-linux-arm64/-/cli-linux-arm64-2.4.13.tgz",
      "integrity": "sha512-NzkUDSqfvMBrPplKgVr3aXLHZ2NEELvvF4vZxXulEylKWIGqlvNEcwUcj9OLrn75TD3lJ/GIqCVlBwd1MZCuYQ==",
      "cpu": [
        "arm64"
      ],
      "dev": true,
      "license": "MIT OR Apache-2.0",
      "optional": true,
      "os": [
        "linux"
      ],
      "engines": {
        "node": ">=14.21.3"
      }
    },
    "node_modules/@biomejs/cli-linux-arm64-musl": {
      "version": "2.4.13",
      "resolved": "https://registry.npmjs.org/@biomejs/cli-linux-arm64-musl/-/cli-linux-arm64-musl-2.4.13.tgz",
      "integrity": "sha512-U5MsuBQW25dXaYtqWWSPM3P96H6Y+fHuja3TQpMNnylocHW0tEbtFTDlUj6oM+YJLntvEkQy4grBvQNUD4+RCg==",
      "cpu": [
        "arm64"
      ],
      "dev": true,
      "license": "MIT OR Apache-2.0",
      "optional": true,
      "os": [
        "linux"
      ],
      "engines": {
        "node": ">=14.21.3"
      }
    },
    "node_modules/@biomejs/cli-linux-x64": {
      "version": "2.4.13",
      "resolved": "https://registry.npmjs.org/@biomejs/cli-linux-x64/-/cli-linux-x64-2.4.13.tgz",
      "integrity": "sha512-Az3ZZedYRBo9EQzNnD9SxFcR1G5QsGo6VEc2hIyVPZ1rdKwee/7E9oeBBZFpE8Z44ekxsDQBqbiWGW5ShOhUSQ==",
      "cpu": [
        "x64"
      ],
      "dev": true,
      "license": "MIT OR Apache-2.0",
      "optional": true,
      "os": [
        "linux"
      ],
      "engines": {
        "node": ">=14.21.3"
      }
    },
    "node_modules/@biomejs/cli-linux-x64-musl": {
      "version": "2.4.13",
      "resolved": "https://registry.npmjs.org/@biomejs/cli-linux-x64-musl/-/cli-linux-x64-musl-2.4.13.tgz",
      "integrity": "sha512-Z601MienRgTBDza/+u2CH3RSrWoXo9rtr8NK6A4KJzqGgfxx+H3VlyLgTJ4sRo40T3pIsqpTmiOQEvYzQvBRvQ==",
      "cpu": [
        "x64"
      ],
      "dev": true,
      "license": "MIT OR Apache-2.0",
      "optional": true,
      "os": [
        "linux"
      ],
      "engines": {
        "node": ">=14.21.3"
      }
    },
    "node_modules/@biomejs/cli-win32-arm64": {
      "version": "2.4.13",
      "resolved": "https://registry.npmjs.org/@biomejs/cli-win32-arm64/-/cli-win32-arm64-2.4.13.tgz",
      "integrity": "sha512-Px9PS2B5/Q183bUwy/5VHqp3J2lzdOCeVGzMpphYfl8oSa7VDCqenBdqWpy6DCy/en4Rbf/Y1RieZF6dJPcc9A==",
      "cpu": [
        "arm64"
      ],
      "dev": true,
      "license": "MIT OR Apache-2.0",
      "optional": true,
      "os": [
        "win32"
      ],
      "engines": {
        "node": ">=14.21.3"
      }
    },
    "node_modules/@biomejs/cli-win32-x64": {
      "version": "2.4.13",
      "resolved": "https://registry.npmjs.org/@biomejs/cli-win32-x64/-/cli-win32-x64-2.4.13.tgz",
      "integrity": "sha512-tTcMkXyBrmHi9BfrD2VNHs/5rYIUKETqsBlYOvSAABwBkJhSDVb5e7wPukftsQbO3WzQkXe6kaztC6WtUOXSoQ==",
      "cpu": [
        "x64"
      ],
      "dev": true,
      "license": "MIT OR Apache-2.0",
      "optional": true,
      "os": [
        "win32"
      ],
      "engines": {
        "node": ">=14.21.3"
      }
    },
    "node_modules/@types/js-yaml": {
      "version": "4.0.9",
      "resolved": "https://registry.npmjs.org/@types/js-yaml/-/js-yaml-4.0.9.tgz",
      "integrity": "sha512-k4MGaQl5TGo/iipqb2UDG2UwjXziSWkh0uysQelTlJpX1qGlpUZYm8PnO4DxG1qBomtJUdYJ6qR6xdIah10JLg==",
      "dev": true,
      "license": "MIT"
    },
    "node_modules/@types/node": {
      "version": "22.19.17",
      "resolved": "https://registry.npmjs.org/@types/node/-/node-22.19.17.tgz",
      "integrity": "sha512-wGdMcf+vPYM6jikpS/qhg6WiqSV/OhG+jeeHT/KlVqxYfD40iYJf9/AE1uQxVWFvU7MipKRkRv8NSHiCGgPr8Q==",
      "dev": true,
      "license": "MIT",
      "dependencies": {
        "undici-types": "~6.21.0"
      }
    },
    "node_modules/argparse": {
      "version": "2.0.1",
      "resolved": "https://registry.npmjs.org/argparse/-/argparse-2.0.1.tgz",
      "integrity": "sha512-8+9WqebbFzpX9OR+Wa6O29asIogeRMzcGtAINdpMHHyAg10f05aSFVBbcEqGf/PXw1EjAZ+q2/bEBg3DvurK3Q==",
      "license": "Python-2.0"
    },
    "node_modules/diff": {
      "version": "8.0.4",
      "resolved": "https://registry.npmjs.org/diff/-/diff-8.0.4.tgz",
      "integrity": "sha512-DPi0FmjiSU5EvQV0++GFDOJ9ASQUVFh5kD+OzOnYdi7n3Wpm9hWWGfB/O2blfHcMVTL5WkQXSnRiK9makhrcnw==",
      "license": "BSD-3-Clause",
      "engines": {
        "node": ">=0.3.1"
      }
    },
    "node_modules/js-yaml": {
      "version": "4.1.1",
      "resolved": "https://registry.npmjs.org/js-yaml/-/js-yaml-4.1.1.tgz",
      "integrity": "sha512-qQKT4zQxXl8lLwBtHMWwaTcGfFOZviOJet3Oy/xmGk2gZH677CJM9EvtfdSkgWcATZhj/55JZ0rmy3myCT5lsA==",
      "license": "MIT",
      "dependencies": {
        "argparse": "^2.0.1"
      },
      "bin": {
        "js-yaml": "bin/js-yaml.js"
      }
    },
    "node_modules/typescript": {
      "version": "6.0.2",
      "resolved": "https://registry.npmjs.org/typescript/-/typescript-6.0.2.tgz",
      "integrity": "sha512-bGdAIrZ0wiGDo5l8c++HWtbaNCWTS4UTv7RaTH/ThVIgjkveJt83m74bBHMJkuCbslY8ixgLBVZJIOiQlQTjfQ==",
      "dev": true,
      "license": "Apache-2.0",
      "bin": {
        "tsc": "bin/tsc",
        "tsserver": "bin/tsserver"
      },
      "engines": {
        "node": ">=14.17"
      }
    },
    "node_modules/undici-types": {
      "version": "6.21.0",
      "resolved": "https://registry.npmjs.org/undici-types/-/undici-types-6.21.0.tgz",
      "integrity": "sha512-iwDZqg0QAGrg9Rav5H4n0M64c3mkR59cJ6wQp+7C4nI0gsmExaedaYLNO44eT4AtBBwjbTiGPMlt2Md0T9H9JQ==",
      "dev": true,
      "license": "MIT"
    }
  }
}
